
Microsoft Visual Studio Solution File, Format Version 12.00
# Visual Studio 15
VisualStudioVersion = 15.0.28010.2046
MinimumVisualStudioVersion = 10.0.40219.1
Project("{FAE04EC0-301F-11D3-BF4B-00C04F79EFBC}") = "ClockArrowDegree", "ClockArrowDegree\ClockArrowDegree.csproj", "{D550A2B1-2AC7-466F-BBD5-BC18142CED8F}"
EndProject
Project("{FAE04EC0-301F-11D3-BF4B-00C04F79EFBC}") = "TreeDepth", "TreeDepth\TreeDepth.csproj", "{2157AAE0-6BB0-44E3-9CF4-E6896FEDC879}"
EndProject
Global
	GlobalSection(SolutionConfigurationPlatforms) = preSolution
		Debug|Any CPU = Debug|Any CPU
		Release|Any CPU = Release|Any CPU
	EndGlobalSection
	GlobalSection(ProjectConfigurationPlatforms) = postSolution
		{D550A2B1-2AC7-466F-BBD5-BC18142CED8F}.Debug|Any CPU.ActiveCfg = Debug|Any CPU
		{D550A2B1-2AC7-466F-BBD5-BC18142CED8F}.Debug|Any CPU.Build.0 = Debug|Any CPU
		{D550A2B1-2AC7-466F-BBD5-BC18142CED8F}.Release|Any CPU.ActiveCfg = Release|Any CPU
		{D550A2B1-2AC7-466F-BBD5-BC18142CED8F}.Release|Any CPU.Build.0 = Release|Any CPU
		{2157AAE0-6BB0-44E3-9CF4-E6896FEDC879}.Debug|Any CPU.ActiveCfg = Debug|Any CPU
		{2157AAE0-6BB0-44E3-9CF4-E6896FEDC879}.Debug|Any CPU.Build.0 = Debug|Any CPU
		{2157AAE0-6BB0-44E3-9CF4-E6896FEDC879}.Release|Any CPU.ActiveCfg = Release|Any CPU
		{2157AAE0-6BB0-44E3-9CF4-E6896FEDC879}.Release|Any CPU.Build.0 = Release|Any CPU
	EndGlobalSection
	GlobalSection(SolutionProperties) = preSolution
		HideSolutionNode = FALSE
	EndGlobalSection
	GlobalSection(ExtensibilityGlobals) = postSolution
		SolutionGuid = {64E996AE-0352-4D68-AF1E-B7414C3A78E8}
	EndGlobalSection
EndGlobal
